<?xml version="1.0" encoding="utf-8"?>
<Project ToolsVersion="4.0" xmlns="http://schemas.microsoft.com/developer/msbuild/2003">
  <ItemGroup>
    <Filter Include="dataset">
      <UniqueIdentifier>{10c5bffa-9559-4a21-9856-a88c3d673bf5}</UniqueIdentifier>
    </Filter>
    <Filter Include="dataset\node">
      <UniqueIdentifier>{2b17883f-d6ef-471a-8c3c-25139cad5d6c}</UniqueIdentifier>
    </Filter>
    <Filter Include="dataset\pin">
      <UniqueIdentifier>{eedb16b6-685b-48e8-8e6d-dd13c43efd8b}</UniqueIdentifier>
    </Filter>
    <Filter Include="tools">
      <UniqueIdentifier>{e7c7e2d6-847d-4155-af07-cc2ee3b16d05}</UniqueIdentifier>
    </Filter>
    <Filter Include="tools\eval">
      <UniqueIdentifier>{49015264-a654-48ce-9156-ea61804960d1}</UniqueIdentifier>
    </Filter>
    <Filter Include="tools\rtti">
      <UniqueIdentifier>{0b864d63-dfa1-4e56-8406-be95ffc422dc}</UniqueIdentifier>
    </Filter>
    <Filter Include="tools\trans">
      <UniqueIdentifier>{c906ae32-ae02-4d86-b0b2-b04a445c1252}</UniqueIdentifier>
    </Filter>
    <Filter Include="view">
      <UniqueIdentifier>{fddc87d2-bfba-4674-be26-a1ee23efcc77}</UniqueIdentifier>
    </Filter>
    <Filter Include="view\toolbar">
      <UniqueIdentifier>{26929e2b-e133-41c6-8d19-d14bb4b88bcd}</UniqueIdentifier>
    </Filter>
    <Filter Include="view\editor">
      <UniqueIdentifier>{1aa2829c-20b9-48ae-9aa9-945095c66a7f}</UniqueIdentifier>
    </Filter>
    <Filter Include="view\preview">
      <UniqueIdentifier>{05ad5c45-f086-4093-9385-975d31e5aa0a}</UniqueIdentifier>
    </Filter>
    <Filter Include="view\toolbar\rule">
      <UniqueIdentifier>{34319a69-d336-4baf-bc96-410f4f601829}</UniqueIdentifier>
    </Filter>
    <Filter Include="view\toolbar\scene">
      <UniqueIdentifier>{3b193a19-f6f4-43e0-9790-fd9bb8ecd0cf}</UniqueIdentifier>
    </Filter>
    <Filter Include="view\editor\pages">
      <UniqueIdentifier>{f498c239-dd7f-44a2-a9ed-de1a00f8b8de}</UniqueIdentifier>
    </Filter>
    <Filter Include="dataset\scene">
      <UniqueIdentifier>{64a0b54e-8905-4e8d-9653-eed4724605d1}</UniqueIdentifier>
    </Filter>
    <Filter Include="tools\msg">
      <UniqueIdentifier>{84852f8c-7a93-4c3a-acbe-29e3cfb78735}</UniqueIdentifier>
    </Filter>
  </ItemGroup>
  <ItemGroup>
    <ClInclude Include="..\..\..\include\cgaview\Node.h">
      <Filter>dataset\node</Filter>
    </ClInclude>
    <ClInclude Include="..\..\..\include\cgaview\CGAView.h" />
    <ClInclude Include="..\..\..\include\cgaview\PinCallback.h">
      <Filter>dataset\pin</Filter>
    </ClInclude>
    <ClInclude Include="..\..\..\include\cgaview\PinType.h">
      <Filter>dataset\pin</Filter>
    </ClInclude>
    <ClInclude Include="..\..\..\include\cgaview\WxToolbarPanel.h">
      <Filter>view\toolbar</Filter>
    </ClInclude>
    <ClInclude Include="..\..\..\include\cgaview\Evaluator.h">
      <Filter>tools\eval</Filter>
    </ClInclude>
    <ClInclude Include="..\..\..\include\cgaview\RegistNodes.h">
      <Filter>tools\rtti</Filter>
    </ClInclude>
    <ClInclude Include="..\..\..\include\cgaview\MessageID.h">
      <Filter>dataset</Filter>
    </ClInclude>
    <ClInclude Include="..\..\..\include\cgaview\CGAAdapter.h">
      <Filter>tools\trans</Filter>
    </ClInclude>
    <ClInclude Include="..\..\..\include\cgaview\ModelAdapter.h">
      <Filter>tools\trans</Filter>
    </ClInclude>
    <ClInclude Include="..\..\..\include\cgaview\node_def_gen.h">
      <Filter>tools\rtti</Filter>
    </ClInclude>
    <ClInclude Include="..\..\..\include\cgaview\node_rttr_gen.h">
      <Filter>tools\rtti</Filter>
    </ClInclude>
    <ClInclude Include="..\..\..\include\cgaview\WxEditorPanel.h">
      <Filter>view\editor</Filter>
    </ClInclude>
    <ClInclude Include="..\..\..\include\cgaview\WxGraphPage.h">
      <Filter>view\editor\pages</Filter>
    </ClInclude>
    <ClInclude Include="..\..\..\include\cgaview\WxTextPage.h">
      <Filter>view\editor\pages</Filter>
    </ClInclude>
    <ClInclude Include="..\..\..\include\cgaview\WxPreviewCanvas.h">
      <Filter>view\preview</Filter>
    </ClInclude>
    <ClInclude Include="..\..\..\include\cgaview\PreviewRender.h">
      <Filter>view\preview</Filter>
    </ClInclude>
    <ClInclude Include="..\..\..\include\cgaview\PreviewPage.h">
      <Filter>view\preview</Filter>
    </ClInclude>
    <ClInclude Include="..\..\..\include\cgaview\WxRuleProperty.h">
      <Filter>view\toolbar\rule</Filter>
    </ClInclude>
    <ClInclude Include="..\..\..\include\cgaview\WxRuleNodeProp.h">
      <Filter>view\toolbar\rule</Filter>
    </ClInclude>
    <ClInclude Include="..\..\..\include\cgaview\WxSceneProp.h">
      <Filter>view\toolbar\scene</Filter>
    </ClInclude>
    <ClInclude Include="..\..\..\include\cgaview\Scene.h">
      <Filter>dataset\scene</Filter>
    </ClInclude>
    <ClInclude Include="..\..\..\include\cgaview\MsgHelper.h">
      <Filter>tools\msg</Filter>
    </ClInclude>
    <ClInclude Include="..\..\..\include\cgaview\node_regist_cfg.h">
      <Filter>tools\rtti</Filter>
    </ClInclude>
  </ItemGroup>
  <ItemGroup>
    <ClCompile Include="..\..\..\source\Node.cpp">
      <Filter>dataset\node</Filter>
    </ClCompile>
    <ClCompile Include="..\..\..\source\CGAView.cpp" />
    <ClCompile Include="..\..\..\source\PinCallback.cpp">
      <Filter>dataset\pin</Filter>
    </ClCompile>
    <ClCompile Include="..\..\..\source\WxToolbarPanel.cpp">
      <Filter>view\toolbar</Filter>
    </ClCompile>
    <ClCompile Include="..\..\..\source\Evaluator.cpp">
      <Filter>tools\eval</Filter>
    </ClCompile>
    <ClCompile Include="..\..\..\source\RegistRTTR.cpp">
      <Filter>tools\rtti</Filter>
    </ClCompile>
    <ClCompile Include="..\..\..\source\RegistNodes.cpp">
      <Filter>tools\rtti</Filter>
    </ClCompile>
    <ClCompile Include="..\..\..\source\CGAAdapter.cpp">
      <Filter>tools\trans</Filter>
    </ClCompile>
    <ClCompile Include="..\..\..\source\ModelAdapter.cpp">
      <Filter>tools\trans</Filter>
    </ClCompile>
    <ClCompile Include="..\..\..\source\WxEditorPanel.cpp">
      <Filter>view\editor</Filter>
    </ClCompile>
    <ClCompile Include="..\..\..\source\WxGraphPage.cpp">
      <Filter>view\editor\pages</Filter>
    </ClCompile>
    <ClCompile Include="..\..\..\source\WxTextPage.cpp">
      <Filter>view\editor\pages</Filter>
    </ClCompile>
    <ClCompile Include="..\..\..\source\WxPreviewCanvas.cpp">
      <Filter>view\preview</Filter>
    </ClCompile>
    <ClCompile Include="..\..\..\source\PreviewRender.cpp">
      <Filter>view\preview</Filter>
    </ClCompile>
    <ClCompile Include="..\..\..\source\PreviewPage.cpp">
      <Filter>view\preview</Filter>
    </ClCompile>
    <ClCompile Include="..\..\..\source\WxRuleNodeProp.cpp">
      <Filter>view\toolbar\rule</Filter>
    </ClCompile>
    <ClCompile Include="..\..\..\source\WxRuleProperty.cpp">
      <Filter>view\toolbar\rule</Filter>
    </ClCompile>
    <ClCompile Include="..\..\..\source\WxSceneProp.cpp">
      <Filter>view\toolbar\scene</Filter>
    </ClCompile>
    <ClCompile Include="..\..\..\source\Scene.cpp">
      <Filter>dataset\scene</Filter>
    </ClCompile>
    <ClCompile Include="..\..\..\source\MsgHelper.cpp">
      <Filter>tools\msg</Filter>
    </ClCompile>
  </ItemGroup>
</Project>